
Microsoft Visual Studio Solution File, Format Version 12.00
# Visual Studio Version 17
VisualStudioVersion = 17.13.35825.156 d17.13
MinimumVisualStudioVersion = 10.0.40219.1
Project("{FAE04EC0-301F-11D3-BF4B-00C04F79EFBC}") = "RazorPagesMovie", "RazorPagesMovie\RazorPagesMovie.csproj", "{EB19F22E-9CC0-40E6-BE08-A035D7B2618A}"
EndProject
Global
	GlobalSection(SolutionConfigurationPlatforms) = preSolution
		Debug|Any CPU = Debug|Any CPU
		Release|Any CPU = Release|Any CPU
	EndGlobalSection
	GlobalSection(ProjectConfigurationPlatforms) = postSolution
		{EB19F22E-9CC0-40E6-BE08-A035D7B2618A}.Debug|Any CPU.ActiveCfg = Debug|Any CPU
		{EB19F22E-9CC0-40E6-BE08-A035D7B2618A}.Debug|Any CPU.Build.0 = Debug|Any CPU
		{EB19F22E-9CC0-40E6-BE08-A035D7B2618A}.Release|Any CPU.ActiveCfg = Release|Any CPU
		{EB19F22E-9CC0-40E6-BE08-A035D7B2618A}.Release|Any CPU.Build.0 = Release|Any CPU
	EndGlobalSection
	GlobalSection(SolutionProperties) = preSolution
		HideSolutionNode = FALSE
	EndGlobalSection
	GlobalSection(ExtensibilityGlobals) = postSolution
		SolutionGuid = {633AD241-1165-4595-B990-E6D97F57589C}
	EndGlobalSection
EndGlobal
